// !$*UTF8*$!
{
   archiveVersion = "1";
   objectVersion = "46";
   objects = {
      "OBJ_1" = {
         isa = "PBXProject";
         attributes = {
            LastSwiftMigration = "9999";
            LastUpgradeCheck = "9999";
         };
         buildConfigurationList = "OBJ_2";
         compatibilityVersion = "Xcode 3.2";
         developmentRegion = "en";
         hasScannedForEncodings = "0";
         knownRegions = (
            "en"
         );
         mainGroup = "OBJ_5";
         productRefGroup = "OBJ_65";
         projectDirPath = ".";
         targets = (
            "SQLite.swift::SQLite",
            "SQLite.swift::SwiftPMPackageDescription",
            "SQLite.swift::SQLite.swiftPackageTests::ProductTarget",
            "SQLite.swift::SQLiteObjc",
            "SQLite.swift::SQLiteTests"
         );
      };
      "OBJ_10" = {
         isa = "PBXFileReference";
         path = "Info.plist";
         sourceTree = "<group>";
      };
      "OBJ_100" = {
         isa = "PBXBuildFile";
         fileRef = "OBJ_32";
      };
      "OBJ_101" = {
         isa = "PBXBuildFile";
         fileRef = "OBJ_33";
      };
      "OBJ_102" = {
         isa = "PBXBuildFile";
         fileRef = "OBJ_34";
      };
      "OBJ_103" = {
         isa = "PBXBuildFile";
         fileRef = "OBJ_35";
      };
      "OBJ_104" = {
         isa = "PBXFrameworksBuildPhase";
         files = (
            "OBJ_105"
         );
      };
      "OBJ_105" = {
         isa = "PBXBuildFile";
         fileRef = "SQLite.swift::SQLiteObjc::Product";
      };
      "OBJ_106" = {
         isa = "PBXTargetDependency";
         target = "SQLite.swift::SQLiteObjc";
      };
      "OBJ_109" = {
         isa = "XCConfigurationList";
         buildConfigurations = (
            "OBJ_110",
            "OBJ_111"
         );
         defaultConfigurationIsVisible = "0";
         defaultConfigurationName = "Release";
      };
      "OBJ_11" = {
         isa = "PBXGroup";
         children = (
            "OBJ_12",
            "OBJ_13",
            "OBJ_14",
            "OBJ_15",
            "OBJ_16"
         );
         name = "Core";
         path = "Core";
         sourceTree = "<group>";
      };
      "OBJ_110" = {
         isa = "XCBuildConfiguration";
         buildSettings = {
            LD = "/usr/bin/true";
            OTHER_SWIFT_FLAGS = (
               "-swift-version",
               "4",
               "-I",
               "$(TOOLCHAIN_DIR)/usr/lib/swift/pm/ManifestAPI",
               "-sdk",
               "/Applications/Xcode.app/Contents/Developer/Platforms/MacOSX.platform/Developer/SDKs/MacOSX12.0.sdk",
               "-package-description-version",
               "4.0.0"
            );
            SWIFT_VERSION = "4.0";
         };
         name = "Debug";
      };
      "OBJ_111" = {
         isa = "XCBuildConfiguration";
         buildSettings = {
            LD = "/usr/bin/true";
            OTHER_SWIFT_FLAGS = (
               "-swift-version",
               "4",
               "-I",
               "$(TOOLCHAIN_DIR)/usr/lib/swift/pm/ManifestAPI",
               "-sdk",
               "/Applications/Xcode.app/Contents/Developer/Platforms/MacOSX.platform/Developer/SDKs/MacOSX12.0.sdk",
               "-package-description-version",
               "4.0.0"
            );
            SWIFT_VERSION = "4.0";
         };
         name = "Release";
      };
      "OBJ_112" = {
         isa = "PBXSourcesBuildPhase";
         files = (
            "OBJ_113"
         );
      };
      "OBJ_113" = {
         isa = "PBXBuildFile";
         fileRef = "OBJ_6";
      };
      "OBJ_115" = {
         isa = "XCConfigurationList";
         buildConfigurations = (
            "OBJ_116",
            "OBJ_117"
         );
         defaultConfigurationIsVisible = "0";
         defaultConfigurationName = "Release";
      };
      "OBJ_116" = {
         isa = "XCBuildConfiguration";
         buildSettings = {
         };
         name = "Debug";
      };
      "OBJ_117" = {
         isa = "XCBuildConfiguration";
         buildSettings = {
         };
         name = "Release";
      };
      "OBJ_118" = {
         isa = "PBXTargetDependency";
         target = "SQLite.swift::SQLiteTests";
      };
      "OBJ_12" = {
         isa = "PBXFileReference";
         path = "Blob.swift";
         sourceTree = "<group>";
      };
      "OBJ_120" = {
         isa = "XCConfigurationList";
         buildConfigurations = (
            "OBJ_121",
            "OBJ_122"
         );
         defaultConfigurationIsVisible = "0";
         defaultConfigurationName = "Release";
      };
      "OBJ_121" = {
         isa = "XCBuildConfiguration";
         buildSettings = {
            CLANG_ENABLE_MODULES = "YES";
            CURRENT_PROJECT_VERSION = "1";
            DEFINES_MODULE = "YES";
            ENABLE_TESTABILITY = "YES";
            FRAMEWORK_SEARCH_PATHS = (
               "$(inherited)",
               "$(PLATFORM_DIR)/Developer/Library/Frameworks"
            );
            HEADER_SEARCH_PATHS = (
               "$(inherited)",
               "$(SRCROOT)/Sources/SQLiteObjc/include"
            );
            INFOPLIST_FILE = "SQLite.swift.xcodeproj/SQLiteObjc_Info.plist";
            LD_RUNPATH_SEARCH_PATHS = (
               "$(inherited)",
               "$(TOOLCHAIN_DIR)/usr/lib/swift/macosx"
            );
            OTHER_CFLAGS = (
               "$(inherited)"
            );
            OTHER_LDFLAGS = (
               "$(inherited)"
            );
            OTHER_SWIFT_FLAGS = (
               "$(inherited)"
            );
            PRODUCT_BUNDLE_IDENTIFIER = "SQLiteObjc";
            PRODUCT_MODULE_NAME = "$(TARGET_NAME:c99extidentifier)";
            PRODUCT_NAME = "$(TARGET_NAME:c99extidentifier)";
            SKIP_INSTALL = "YES";
            SWIFT_ACTIVE_COMPILATION_CONDITIONS = (
               "$(inherited)"
            );
            TARGET_NAME = "SQLiteObjc";
         };
         name = "Debug";
      };
      "OBJ_122" = {
         isa = "XCBuildConfiguration";
         buildSettings = {
            CLANG_ENABLE_MODULES = "YES";
            CURRENT_PROJECT_VERSION = "1";
            DEFINES_MODULE = "YES";
            ENABLE_TESTABILITY = "YES";
            FRAMEWORK_SEARCH_PATHS = (
               "$(inherited)",
               "$(PLATFORM_DIR)/Developer/Library/Frameworks"
            );
            HEADER_SEARCH_PATHS = (
               "$(inherited)",
               "$(SRCROOT)/Sources/SQLiteObjc/include"
            );
            INFOPLIST_FILE = "SQLite.swift.xcodeproj/SQLiteObjc_Info.plist";
            LD_RUNPATH_SEARCH_PATHS = (
               "$(inherited)",
               "$(TOOLCHAIN_DIR)/usr/lib/swift/macosx"
            );
            OTHER_CFLAGS = (
               "$(inherited)"
            );
            OTHER_LDFLAGS = (
               "$(inherited)"
            );
            OTHER_SWIFT_FLAGS = (
               "$(inherited)"
            );
            PRODUCT_BUNDLE_IDENTIFIER = "SQLiteObjc";
            PRODUCT_MODULE_NAME = "$(TARGET_NAME:c99extidentifier)";
            PRODUCT_NAME = "$(TARGET_NAME:c99extidentifier)";
            SKIP_INSTALL = "YES";
            SWIFT_ACTIVE_COMPILATION_CONDITIONS = (
               "$(inherited)"
            );
            TARGET_NAME = "SQLiteObjc";
         };
         name = "Release";
      };
      "OBJ_123" = {
         isa = "PBXSourcesBuildPhase";
         files = (
            "OBJ_124"
         );
      };
      "OBJ_124" = {
         isa = "PBXBuildFile";
         fileRef = "OBJ_38";
      };
      "OBJ_125" = {
         isa = "PBXHeadersBuildPhase";
         files = (
            "OBJ_126"
         );
      };
      "OBJ_126" = {
         isa = "PBXBuildFile";
         fileRef = "OBJ_40";
         settings = {
            ATTRIBUTES = (
               "Public"
            );
         };
      };
      "OBJ_127" = {
         isa = "PBXFrameworksBuildPhase";
         files = (
         );
      };
      "OBJ_128" = {
         isa = "XCConfigurationList";
         buildConfigurations = (
            "OBJ_129",
            "OBJ_130"
         );
         defaultConfigurationIsVisible = "0";
         defaultConfigurationName = "Release";
      };
      "OBJ_129" = {
         isa = "XCBuildConfiguration";
         buildSettings = {
            CLANG_ENABLE_MODULES = "YES";
            CURRENT_PROJECT_VERSION = "1";
            EMBEDDED_CONTENT_CONTAINS_SWIFT = "YES";
            FRAMEWORK_SEARCH_PATHS = (
               "$(inherited)",
               "$(PLATFORM_DIR)/Developer/Library/Frameworks"
            );
            HEADER_SEARCH_PATHS = (
               "$(inherited)",
               "$(SRCROOT)/Sources/SQLiteObjc/include"
            );
            INFOPLIST_FILE = "SQLite.swift.xcodeproj/SQLiteTests_Info.plist";
            LD_RUNPATH_SEARCH_PATHS = (
               "$(inherited)",
               "@loader_path/../Frameworks",
               "@loader_path/Frameworks"
            );
            OTHER_CFLAGS = (
               "$(inherited)"
            );
            OTHER_LDFLAGS = (
               "$(inherited)"
            );
            OTHER_SWIFT_FLAGS = (
               "$(inherited)"
            );
            SWIFT_ACTIVE_COMPILATION_CONDITIONS = (
               "$(inherited)"
            );
            SWIFT_VERSION = "5.0";
            TARGET_NAME = "SQLiteTests";
         };
         name = "Debug";
      };
      "OBJ_13" = {
         isa = "PBXFileReference";
         path = "Connection.swift";
         sourceTree = "<group>";
      };
      "OBJ_130" = {
         isa = "XCBuildConfiguration";
         buildSettings = {
            CLANG_ENABLE_MODULES = "YES";
            CURRENT_PROJECT_VERSION = "1";
            EMBEDDED_CONTENT_CONTAINS_SWIFT = "YES";
            FRAMEWORK_SEARCH_PATHS = (
               "$(inherited)",
               "$(PLATFORM_DIR)/Developer/Library/Frameworks"
            );
            HEADER_SEARCH_PATHS = (
               "$(inherited)",
               "$(SRCROOT)/Sources/SQLiteObjc/include"
            );
            INFOPLIST_FILE = "SQLite.swift.xcodeproj/SQLiteTests_Info.plist";
            LD_RUNPATH_SEARCH_PATHS = (
               "$(inherited)",
               "@loader_path/../Frameworks",
               "@loader_path/Frameworks"
            );
            OTHER_CFLAGS = (
               "$(inherited)"
            );
            OTHER_LDFLAGS = (
               "$(inherited)"
            );
            OTHER_SWIFT_FLAGS = (
               "$(inherited)"
            );
            SWIFT_ACTIVE_COMPILATION_CONDITIONS = (
               "$(inherited)"
            );
            SWIFT_VERSION = "5.0";
            TARGET_NAME = "SQLiteTests";
         };
         name = "Release";
      };
      "OBJ_131" = {
         isa = "PBXSourcesBuildPhase";
         files = (
            "OBJ_132",
            "OBJ_133",
            "OBJ_134",
            "OBJ_135",
            "OBJ_136",
            "OBJ_137",
            "OBJ_138",
            "OBJ_139",
            "OBJ_140",
            "OBJ_141",
            "OBJ_142",
            "OBJ_143",
            "OBJ_144",
            "OBJ_145",
            "OBJ_146",
            "OBJ_147",
            "OBJ_148",
            "OBJ_149",
            "OBJ_150",
            "OBJ_151",
            "OBJ_152"
         );
      };
      "OBJ_132" = {
         isa = "PBXBuildFile";
         fileRef = "OBJ_44";
      };
      "OBJ_133" = {
         isa = "PBXBuildFile";
         fileRef = "OBJ_45";
      };
      "OBJ_134" = {
         isa = "PBXBuildFile";
         fileRef = "OBJ_46";
      };
      "OBJ_135" = {
         isa = "PBXBuildFile";
         fileRef = "OBJ_47";
      };
      "OBJ_136" = {
         isa = "PBXBuildFile";
         fileRef = "OBJ_48";
      };
      "OBJ_137" = {
         isa = "PBXBuildFile";
         fileRef = "OBJ_49";
      };
      "OBJ_138" = {
         isa = "PBXBuildFile";
         fileRef = "OBJ_50";
      };
      "OBJ_139" = {
         isa = "PBXBuildFile";
         fileRef = "OBJ_51";
      };
      "OBJ_14" = {
         isa = "PBXFileReference";
         path = "Errors.swift";
         sourceTree = "<group>";
      };
      "OBJ_140" = {
         isa = "PBXBuildFile";
         fileRef = "OBJ_52";
      };
      "OBJ_141" = {
         isa = "PBXBuildFile";
         fileRef = "OBJ_53";
      };
      "OBJ_142" = {
         isa = "PBXBuildFile";
         fileRef = "OBJ_54";
      };
      "OBJ_143" = {
         isa = "PBXBuildFile";
         fileRef = "OBJ_55";
      };
      "OBJ_144" = {
         isa = "PBXBuildFile";
         fileRef = "OBJ_56";
      };
      "OBJ_145" = {
         isa = "PBXBuildFile";
         fileRef = "OBJ_57";
      };
      "OBJ_146" = {
         isa = "PBXBuildFile";
         fileRef = "OBJ_58";
      };
      "OBJ_147" = {
         isa = "PBXBuildFile";
         fileRef = "OBJ_59";
      };
      "OBJ_148" = {
         isa = "PBXBuildFile";
         fileRef = "OBJ_60";
      };
      "OBJ_149" = {
         isa = "PBXBuildFile";
         fileRef = "OBJ_61";
      };
      "OBJ_15" = {
         isa = "PBXFileReference";
         path = "Statement.swift";
         sourceTree = "<group>";
      };
      "OBJ_150" = {
         isa = "PBXBuildFile";
         fileRef = "OBJ_62";
      };
      "OBJ_151" = {
         isa = "PBXBuildFile";
         fileRef = "OBJ_63";
      };
      "OBJ_152" = {
         isa = "PBXBuildFile";
         fileRef = "OBJ_64";
      };
      "OBJ_153" = {
         isa = "PBXFrameworksBuildPhase";
         files = (
            "OBJ_154",
            "OBJ_155"
         );
      };
      "OBJ_154" = {
         isa = "PBXBuildFile";
         fileRef = "SQLite.swift::SQLite::Product";
      };
      "OBJ_155" = {
         isa = "PBXBuildFile";
         fileRef = "SQLite.swift::SQLiteObjc::Product";
      };
      "OBJ_156" = {
         isa = "PBXTargetDependency";
         target = "SQLite.swift::SQLite";
      };
      "OBJ_157" = {
         isa = "PBXTargetDependency";
         target = "SQLite.swift::SQLiteObjc";
      };
      "OBJ_16" = {
         isa = "PBXFileReference";
         path = "Value.swift";
         sourceTree = "<group>";
      };
      "OBJ_17" = {
         isa = "PBXGroup";
         children = (
            "OBJ_18",
            "OBJ_19",
            "OBJ_20",
            "OBJ_21"
         );
         name = "Extensions";
         path = "Extensions";
         sourceTree = "<group>";
      };
      "OBJ_18" = {
         isa = "PBXFileReference";
         path = "Cipher.swift";
         sourceTree = "<group>";
      };
      "OBJ_19" = {
         isa = "PBXFileReference";
         path = "FTS4.swift";
         sourceTree = "<group>";
      };
      "OBJ_2" = {
         isa = "XCConfigurationList";
         buildConfigurations = (
            "OBJ_3",
            "OBJ_4"
         );
         defaultConfigurationIsVisible = "0";
         defaultConfigurationName = "Release";
      };
      "OBJ_20" = {
         isa = "PBXFileReference";
         path = "FTS5.swift";
         sourceTree = "<group>";
      };
      "OBJ_21" = {
         isa = "PBXFileReference";
         path = "RTree.swift";
         sourceTree = "<group>";
      };
      "OBJ_22" = {
         isa = "PBXFileReference";
         path = "Foundation.swift";
         sourceTree = "<group>";
      };
      "OBJ_23" = {
         isa = "PBXFileReference";
         path = "Helpers.swift";
         sourceTree = "<group>";
      };
      "OBJ_24" = {
         isa = "PBXGroup";
         children = (
            "OBJ_25",
            "OBJ_26",
            "OBJ_27",
            "OBJ_28",
            "OBJ_29",
            "OBJ_30",
            "OBJ_31",
            "OBJ_32",
            "OBJ_33",
            "OBJ_34",
            "OBJ_35"
         );
         name = "Typed";
         path = "Typed";
         sourceTree = "<group>";
      };
      "OBJ_25" = {
         isa = "PBXFileReference";
         path = "AggregateFunctions.swift";
         sourceTree = "<group>";
      };
      "OBJ_26" = {
         isa = "PBXFileReference";
         path = "Coding.swift";
         sourceTree = "<group>";
      };
      "OBJ_27" = {
         isa = "PBXFileReference";
         path = "Collation.swift";
         sourceTree = "<group>";
      };
      "OBJ_28" = {
         isa = "PBXFileReference";
         path = "CoreFunctions.swift";
         sourceTree = "<group>";
      };
      "OBJ_29" = {
         isa = "PBXFileReference";
         path = "CustomFunctions.swift";
         sourceTree = "<group>";
      };
      "OBJ_3" = {
         isa = "XCBuildConfiguration";
         buildSettings = {
            CLANG_ENABLE_OBJC_ARC = "YES";
            COMBINE_HIDPI_IMAGES = "YES";
            COPY_PHASE_STRIP = "NO";
            DEBUG_INFORMATION_FORMAT = "dwarf";
            DYLIB_INSTALL_NAME_BASE = "@rpath";
            ENABLE_NS_ASSERTIONS = "YES";
            GCC_OPTIMIZATION_LEVEL = "0";
            GCC_PREPROCESSOR_DEFINITIONS = (
               "$(inherited)",
               "SWIFT_PACKAGE=1",
               "DEBUG=1"
            );
            MACOSX_DEPLOYMENT_TARGET = "10.10";
            ONLY_ACTIVE_ARCH = "YES";
            OTHER_SWIFT_FLAGS = (
               "$(inherited)",
               "-DXcode"
            );
            PRODUCT_NAME = "$(TARGET_NAME)";
            SDKROOT = "macosx";
            SUPPORTED_PLATFORMS = (
               "$(AVAILABLE_PLATFORMS)"
            );
            SUPPORTS_MACCATALYST = "YES";
            SWIFT_ACTIVE_COMPILATION_CONDITIONS = (
               "$(inherited)",
               "SWIFT_PACKAGE",
               "DEBUG"
            );
            SWIFT_OPTIMIZATION_LEVEL = "-Onone";
            USE_HEADERMAP = "NO";
         };
         name = "Debug";
      };
      "OBJ_30" = {
         isa = "PBXFileReference";
         path = "DateAndTimeFunctions.swift";
         sourceTree = "<group>";
      };
      "OBJ_31" = {
         isa = "PBXFileReference";
         path = "Expression.swift";
         sourceTree = "<group>";
      };
      "OBJ_32" = {
         isa = "PBXFileReference";
         path = "Operators.swift";
         sourceTree = "<group>";
      };
      "OBJ_33" = {
         isa = "PBXFileReference";
         path = "Query.swift";
         sourceTree = "<group>";
      };
      "OBJ_34" = {
         isa = "PBXFileReference";
         path = "Schema.swift";
         sourceTree = "<group>";
      };
      "OBJ_35" = {
         isa = "PBXFileReference";
         path = "Setter.swift";
         sourceTree = "<group>";
      };
      "OBJ_36" = {
         isa = "PBXGroup";
         children = (
            "OBJ_37",
            "OBJ_38",
            "OBJ_39"
         );
         name = "SQLiteObjc";
         path = "Sources/SQLiteObjc";
         sourceTree = "SOURCE_ROOT";
      };
      "OBJ_37" = {
         isa = "PBXFileReference";
         path = "fts3_tokenizer.h";
         sourceTree = "<group>";
      };
      "OBJ_38" = {
         isa = "PBXFileReference";
         path = "SQLiteObjc.m";
         sourceTree = "<group>";
      };
      "OBJ_39" = {
         isa = "PBXGroup";
         children = (
            "OBJ_40"
         );
         name = "include";
         path = "include";
         sourceTree = "<group>";
      };
      "OBJ_4" = {
         isa = "XCBuildConfiguration";
         buildSettings = {
            CLANG_ENABLE_OBJC_ARC = "YES";
            COMBINE_HIDPI_IMAGES = "YES";
            COPY_PHASE_STRIP = "YES";
            DEBUG_INFORMATION_FORMAT = "dwarf-with-dsym";
            DYLIB_INSTALL_NAME_BASE = "@rpath";
            GCC_OPTIMIZATION_LEVEL = "s";
            GCC_PREPROCESSOR_DEFINITIONS = (
               "$(inherited)",
               "SWIFT_PACKAGE=1"
            );
            MACOSX_DEPLOYMENT_TARGET = "10.10";
            OTHER_SWIFT_FLAGS = (
               "$(inherited)",
               "-DXcode"
            );
            PRODUCT_NAME = "$(TARGET_NAME)";
            SDKROOT = "macosx";
            SUPPORTED_PLATFORMS = (
               "$(AVAILABLE_PLATFORMS)"
            );
            SUPPORTS_MACCATALYST = "YES";
            SWIFT_ACTIVE_COMPILATION_CONDITIONS = (
               "$(inherited)",
               "SWIFT_PACKAGE"
            );
            SWIFT_OPTIMIZATION_LEVEL = "-Owholemodule";
            USE_HEADERMAP = "NO";
         };
         name = "Release";
      };
      "OBJ_40" = {
         isa = "PBXFileReference";
         path = "SQLiteObjc.h";
         sourceTree = "<group>";
      };
      "OBJ_41" = {
         isa = "PBXGroup";
         children = (
            "OBJ_42"
         );
         name = "Tests";
         path = "";
         sourceTree = "SOURCE_ROOT";
      };
      "OBJ_42" = {
         isa = "PBXGroup";
         children = (
            "OBJ_43",
            "OBJ_44",
            "OBJ_45",
            "OBJ_46",
            "OBJ_47",
            "OBJ_48",
            "OBJ_49",
            "OBJ_50",
            "OBJ_51",
            "OBJ_52",
            "OBJ_53",
            "OBJ_54",
            "OBJ_55",
            "OBJ_56",
            "OBJ_57",
            "OBJ_58",
            "OBJ_59",
            "OBJ_60",
            "OBJ_61",
            "OBJ_62",
            "OBJ_63",
            "OBJ_64"
         );
         name = "SQLiteTests";
         path = "Tests/SQLiteTests";
         sourceTree = "SOURCE_ROOT";
      };
      "OBJ_43" = {
         isa = "PBXFileReference";
         path = "Info.plist";
         sourceTree = "<group>";
      };
      "OBJ_44" = {
         isa = "PBXFileReference";
         path = "AggregateFunctionsTests.swift";
         sourceTree = "<group>";
      };
      "OBJ_45" = {
         isa = "PBXFileReference";
         path = "BlobTests.swift";
         sourceTree = "<group>";
      };
      "OBJ_46" = {
         isa = "PBXFileReference";
         path = "CipherTests.swift";
         sourceTree = "<group>";
      };
      "OBJ_47" = {
         isa = "PBXFileReference";
         path = "ConnectionTests.swift";
         sourceTree = "<group>";
      };
      "OBJ_48" = {
         isa = "PBXFileReference";
         path = "CoreFunctionsTests.swift";
         sourceTree = "<group>";
      };
      "OBJ_49" = {
         isa = "PBXFileReference";
         path = "CustomFunctionsTests.swift";
         sourceTree = "<group>";
      };
      "OBJ_5" = {
         isa = "PBXGroup";
         children = (
            "OBJ_6",
            "OBJ_7",
            "OBJ_41",
            "OBJ_65",
            "OBJ_69",
            "OBJ_70",
            "OBJ_71",
            "OBJ_72",
            "OBJ_73",
            "OBJ_74",
            "OBJ_75",
            "OBJ_76"
         );
         path = "";
         sourceTree = "<group>";
      };
      "OBJ_50" = {
         isa = "PBXFileReference";
         path = "DateAndTimeFunctionTests.swift";
         sourceTree = "<group>";
      };
      "OBJ_51" = {
         isa = "PBXFileReference";
         path = "ExpressionTests.swift";
         sourceTree = "<group>";
      };
      "OBJ_52" = {
         isa = "PBXFileReference";
         path = "FTS4Tests.swift";
         sourceTree = "<group>";
      };
      "OBJ_53" = {
         isa = "PBXFileReference";
         path = "FTS5Tests.swift";
         sourceTree = "<group>";
      };
      "OBJ_54" = {
         isa = "PBXFileReference";
         path = "Fixtures.swift";
         sourceTree = "<group>";
      };
      "OBJ_55" = {
         isa = "PBXFileReference";
         path = "FoundationTests.swift";
         sourceTree = "<group>";
      };
      "OBJ_56" = {
         isa = "PBXFileReference";
         path = "OperatorsTests.swift";
         sourceTree = "<group>";
      };
      "OBJ_57" = {
         isa = "PBXFileReference";
         path = "QueryTests.swift";
         sourceTree = "<group>";
      };
      "OBJ_58" = {
         isa = "PBXFileReference";
         path = "RTreeTests.swift";
         sourceTree = "<group>";
      };
      "OBJ_59" = {
         isa = "PBXFileReference";
         path = "RowTests.swift";
         sourceTree = "<group>";
      };
      "OBJ_6" = {
         isa = "PBXFileReference";
         explicitFileType = "sourcecode.swift";
         path = "Package.swift";
         sourceTree = "<group>";
      };
      "OBJ_60" = {
         isa = "PBXFileReference";
         path = "SchemaTests.swift";
         sourceTree = "<group>";
      };
      "OBJ_61" = {
         isa = "PBXFileReference";
         path = "SetterTests.swift";
         sourceTree = "<group>";
      };
      "OBJ_62" = {
         isa = "PBXFileReference";
         path = "StatementTests.swift";
         sourceTree = "<group>";
      };
      "OBJ_63" = {
         isa = "PBXFileReference";
         path = "TestHelpers.swift";
         sourceTree = "<group>";
      };
      "OBJ_64" = {
         isa = "PBXFileReference";
         path = "ValueTests.swift";
         sourceTree = "<group>";
      };
      "OBJ_65" = {
         isa = "PBXGroup";
         children = (
            "SQLite.swift::SQLite::Product",
            "SQLite.swift::SQLiteObjc::Product",
            "SQLite.swift::SQLiteTests::Product"
         );
         name = "Products";
         path = "";
         sourceTree = "BUILT_PRODUCTS_DIR";
      };
      "OBJ_69" = {
         isa = "PBXFileReference";
         path = "Documentation";
         sourceTree = "SOURCE_ROOT";
      };
      "OBJ_7" = {
         isa = "PBXGroup";
         children = (
            "OBJ_8",
            "OBJ_36"
         );
         name = "Sources";
         path = "";
         sourceTree = "SOURCE_ROOT";
      };
      "OBJ_70" = {
         isa = "PBXFileReference";
         path = "SQLite.swift.podspec";
         sourceTree = "<group>";
      };
      "OBJ_71" = {
         isa = "PBXFileReference";
         path = "run-tests.sh";
         sourceTree = "<group>";
      };
      "OBJ_72" = {
         isa = "PBXFileReference";
         path = "CHANGELOG.md";
         sourceTree = "<group>";
      };
      "OBJ_73" = {
         isa = "PBXFileReference";
         path = "Makefile";
         sourceTree = "<group>";
      };
      "OBJ_74" = {
         isa = "PBXFileReference";
         path = "README.md";
         sourceTree = "<group>";
      };
      "OBJ_75" = {
         isa = "PBXFileReference";
         path = "CONTRIBUTING.md";
         sourceTree = "<group>";
      };
      "OBJ_76" = {
         isa = "PBXFileReference";
         path = "LICENSE.txt";
         sourceTree = "<group>";
      };
      "OBJ_78" = {
         isa = "XCConfigurationList";
         buildConfigurations = (
            "OBJ_79",
            "OBJ_80"
         );
         defaultConfigurationIsVisible = "0";
         defaultConfigurationName = "Release";
      };
      "OBJ_79" = {
         isa = "XCBuildConfiguration";
         buildSettings = {
            CURRENT_PROJECT_VERSION = "1";
            ENABLE_TESTABILITY = "YES";
            FRAMEWORK_SEARCH_PATHS = (
               "$(inherited)",
               "$(PLATFORM_DIR)/Developer/Library/Frameworks"
            );
            HEADER_SEARCH_PATHS = (
               "$(inherited)",
               "$(SRCROOT)/Sources/SQLiteObjc/include"
            );
            INFOPLIST_FILE = "SQLite.swift.xcodeproj/SQLite_Info.plist";
            LD_RUNPATH_SEARCH_PATHS = (
               "$(inherited)",
               "$(TOOLCHAIN_DIR)/usr/lib/swift/macosx"
            );
            OTHER_CFLAGS = (
               "$(inherited)"
            );
            OTHER_LDFLAGS = (
               "$(inherited)"
            );
            OTHER_SWIFT_FLAGS = (
               "$(inherited)"
            );
            PRODUCT_BUNDLE_IDENTIFIER = "SQLite";
            PRODUCT_MODULE_NAME = "$(TARGET_NAME:c99extidentifier)";
            PRODUCT_NAME = "$(TARGET_NAME:c99extidentifier)";
            SKIP_INSTALL = "YES";
            SWIFT_ACTIVE_COMPILATION_CONDITIONS = (
               "$(inherited)"
            );
            SWIFT_VERSION = "5.0";
            TARGET_NAME = "SQLite";
         };
         name = "Debug";
      };
      "OBJ_8" = {
         isa = "PBXGroup";
         children = (
            "OBJ_9",
            "OBJ_10",
            "OBJ_11",
            "OBJ_17",
            "OBJ_22",
            "OBJ_23",
            "OBJ_24"
         );
         name = "SQLite";
         path = "Sources/SQLite";
         sourceTree = "SOURCE_ROOT";
      };
      "OBJ_80" = {
         isa = "XCBuildConfiguration";
         buildSettings = {
            CURRENT_PROJECT_VERSION = "1";
            ENABLE_TESTABILITY = "YES";
            FRAMEWORK_SEARCH_PATHS = (
               "$(inherited)",
               "$(PLATFORM_DIR)/Developer/Library/Frameworks"
            );
            HEADER_SEARCH_PATHS = (
               "$(inherited)",
               "$(SRCROOT)/Sources/SQLiteObjc/include"
            );
            INFOPLIST_FILE = "SQLite.swift.xcodeproj/SQLite_Info.plist";
            LD_RUNPATH_SEARCH_PATHS = (
               "$(inherited)",
               "$(TOOLCHAIN_DIR)/usr/lib/swift/macosx"
            );
            OTHER_CFLAGS = (
               "$(inherited)"
            );
            OTHER_LDFLAGS = (
               "$(inherited)"
            );
            OTHER_SWIFT_FLAGS = (
               "$(inherited)"
            );
            PRODUCT_BUNDLE_IDENTIFIER = "SQLite";
            PRODUCT_MODULE_NAME = "$(TARGET_NAME:c99extidentifier)";
            PRODUCT_NAME = "$(TARGET_NAME:c99extidentifier)";
            SKIP_INSTALL = "YES";
            SWIFT_ACTIVE_COMPILATION_CONDITIONS = (
               "$(inherited)"
            );
            SWIFT_VERSION = "5.0";
            TARGET_NAME = "SQLite";
         };
         name = "Release";
      };
      "OBJ_81" = {
         isa = "PBXSourcesBuildPhase";
         files = (
            "OBJ_82",
            "OBJ_83",
            "OBJ_84",
            "OBJ_85",
            "OBJ_86",
            "OBJ_87",
            "OBJ_88",
            "OBJ_89",
            "OBJ_90",
            "OBJ_91",
            "OBJ_92",
            "OBJ_93",
            "OBJ_94",
            "OBJ_95",
            "OBJ_96",
            "OBJ_97",
            "OBJ_98",
            "OBJ_99",
            "OBJ_100",
            "OBJ_101",
            "OBJ_102",
            "OBJ_103"
         );
      };
      "OBJ_82" = {
         isa = "PBXBuildFile";
         fileRef = "OBJ_12";
      };
      "OBJ_83" = {
         isa = "PBXBuildFile";
         fileRef = "OBJ_13";
      };
      "OBJ_84" = {
         isa = "PBXBuildFile";
         fileRef = "OBJ_14";
      };
      "OBJ_85" = {
         isa = "PBXBuildFile";
         fileRef = "OBJ_15";
      };
      "OBJ_86" = {
         isa = "PBXBuildFile";
         fileRef = "OBJ_16";
      };
      "OBJ_87" = {
         isa = "PBXBuildFile";
         fileRef = "OBJ_18";
      };
      "OBJ_88" = {
         isa = "PBXBuildFile";
         fileRef = "OBJ_19";
      };
      "OBJ_89" = {
         isa = "PBXBuildFile";
         fileRef = "OBJ_20";
      };
      "OBJ_9" = {
         isa = "PBXFileReference";
         path = "SQLite.h";
         sourceTree = "<group>";
      };
      "OBJ_90" = {
         isa = "PBXBuildFile";
         fileRef = "OBJ_21";
      };
      "OBJ_91" = {
         isa = "PBXBuildFile";
         fileRef = "OBJ_22";
      };
      "OBJ_92" = {
         isa = "PBXBuildFile";
         fileRef = "OBJ_23";
      };
      "OBJ_93" = {
         isa = "PBXBuildFile";
         fileRef = "OBJ_25";
      };
      "OBJ_94" = {
         isa = "PBXBuildFile";
         fileRef = "OBJ_26";
      };
      "OBJ_95" = {
         isa = "PBXBuildFile";
         fileRef = "OBJ_27";
      };
      "OBJ_96" = {
         isa = "PBXBuildFile";
         fileRef = "OBJ_28";
      };
      "OBJ_97" = {
         isa = "PBXBuildFile";
         fileRef = "OBJ_29";
      };
      "OBJ_98" = {
         isa = "PBXBuildFile";
         fileRef = "OBJ_30";
      };
      "OBJ_99" = {
         isa = "PBXBuildFile";
         fileRef = "OBJ_31";
      };
      "SQLite.swift::SQLite" = {
         isa = "PBXNativeTarget";
         buildConfigurationList = "OBJ_78";
         buildPhases = (
            "OBJ_81",
            "OBJ_104"
         );
         dependencies = (
            "OBJ_106"
         );
         name = "SQLite";
         productName = "SQLite";
         productReference = "SQLite.swift::SQLite::Product";
         productType = "com.apple.product-type.framework";
      };
      "SQLite.swift::SQLite.swiftPackageTests::ProductTarget" = {
         isa = "PBXAggregateTarget";
         buildConfigurationList = "OBJ_115";
         buildPhases = (
         );
         dependencies = (
            "OBJ_118"
         );
         name = "SQLite.swiftPackageTests";
         productName = "SQLite.swiftPackageTests";
      };
      "SQLite.swift::SQLite::Product" = {
         isa = "PBXFileReference";
         path = "SQLite.framework";
         sourceTree = "BUILT_PRODUCTS_DIR";
      };
      "SQLite.swift::SQLiteObjc" = {
         isa = "PBXNativeTarget";
         buildConfigurationList = "OBJ_120";
         buildPhases = (
            "OBJ_123",
            "OBJ_125",
            "OBJ_127"
         );
         dependencies = (
         );
         name = "SQLiteObjc";
         productName = "SQLiteObjc";
         productReference = "SQLite.swift::SQLiteObjc::Product";
         productType = "com.apple.product-type.framework";
      };
      "SQLite.swift::SQLiteObjc::Product" = {
         isa = "PBXFileReference";
         path = "SQLiteObjc.framework";
         sourceTree = "BUILT_PRODUCTS_DIR";
      };
      "SQLite.swift::SQLiteTests" = {
         isa = "PBXNativeTarget";
         buildConfigurationList = "OBJ_128";
         buildPhases = (
            "OBJ_131",
            "OBJ_153"
         );
         dependencies = (
            "OBJ_156",
            "OBJ_157"
         );
         name = "SQLiteTests";
         productName = "SQLiteTests";
         productReference = "SQLite.swift::SQLiteTests::Product";
         productType = "com.apple.product-type.bundle.unit-test";
      };
      "SQLite.swift::SQLiteTests::Product" = {
         isa = "PBXFileReference";
         path = "SQLiteTests.xctest";
         sourceTree = "BUILT_PRODUCTS_DIR";
      };
      "SQLite.swift::SwiftPMPackageDescription" = {
         isa = "PBXNativeTarget";
         buildConfigurationList = "OBJ_109";
         buildPhases = (
            "OBJ_112"
         );
         dependencies = (
         );
         name = "SQLite.swiftPackageDescription";
         productName = "SQLite.swiftPackageDescription";
         productType = "com.apple.product-type.framework";
      };
   };
   rootObject = "OBJ_1";
}
